
Microsoft Visual Studio Solution File, Format Version 12.00
# Visual Studio Version 17
VisualStudioVersion = 17.6.33829.357
MinimumVisualStudioVersion = 10.0.40219.1
Project("{FAE04EC0-301F-11D3-BF4B-00C04F79EFBC}") = "LMSProject_DotNet", "LMSProject_DotNet.csproj", "{AA8EA4B0-93E2-462D-B754-651A4AEE4464}"
EndProject
Global
	GlobalSection(SolutionConfigurationPlatforms) = preSolution
		Debug|Any CPU = Debug|Any CPU
		Release|Any CPU = Release|Any CPU
	EndGlobalSection
	GlobalSection(ProjectConfigurationPlatforms) = postSolution
		{AA8EA4B0-93E2-462D-B754-651A4AEE4464}.Debug|Any CPU.ActiveCfg = Debug|Any CPU
		{AA8EA4B0-93E2-462D-B754-651A4AEE4464}.Debug|Any CPU.Build.0 = Debug|Any CPU
		{AA8EA4B0-93E2-462D-B754-651A4AEE4464}.Release|Any CPU.ActiveCfg = Release|Any CPU
		{AA8EA4B0-93E2-462D-B754-651A4AEE4464}.Release|Any CPU.Build.0 = Release|Any CPU
	EndGlobalSection
	GlobalSection(SolutionProperties) = preSolution
		HideSolutionNode = FALSE
	EndGlobalSection
	GlobalSection(ExtensibilityGlobals) = postSolution
		SolutionGuid = {70E6647C-DBBF-4D97-A0FC-41A66DCDF50E}
	EndGlobalSection
EndGlobal
